# Commit id of every checkout the expectations apply to. Written by `pin`.
checkouts:
  caravan: b3b39754619a9cc06d9c92801927e5639bbd60e7
  coldcard: 80a27ae5326fc703de4c9372285dadef9152047b
  embit: f18d23bd5e089693198dcaaa15429040aad6e600
  jade: a724e3767d4fdf27c289f70d88b91b3e17e8d3c6
  seedsigner: 4f8442f4012275891f1b4557399e8f62a0226abc
  silent-pay: 765af1c3c899a005f9eb4f8cb3b6a7c24db81d4e
  spdk: 5c8a3823d0addf6f481f81f86cb3f58604cab5d4
