# Commit id of every checkout the expectations apply to. Written by `pin`.
checkouts:
  caravan: b3b39754619a9cc06d9c92801927e5639bbd60e7
  coldcard: d210635d04606354e08e492f53908fe230d75462
  embit: f18d23bd5e089693198dcaaa15429040aad6e600
  jade: 3cf19c81ee6137a77dd4e0d880c3a4b1348810cf
  seedsigner: 4f8442f4012275891f1b4557399e8f62a0226abc
  silent-pay: 765af1c3c899a005f9eb4f8cb3b6a7c24db81d4e
  spdk: 5c8a3823d0addf6f481f81f86cb3f58604cab5d4
